
Microsoft Visual Studio Solution File, Format Version 12.00
# Visual Studio Version 16
VisualStudioVersion = 16.0.32228.343
MinimumVisualStudioVersion = 10.0.40219.1
Project("{FAE04EC0-301F-11D3-BF4B-00C04F79EFBC}") = "LR04", "LR04\LR04.csproj", "{D5FCA21D-9E0F-4FDA-9859-23074EAEA717}"
EndProject
Project("{FAE04EC0-301F-11D3-BF4B-00C04F79EFBC}") = "UnitTestProject1", "UnitTestProject1\UnitTestProject1.csproj", "{DA1C7502-D27C-4D58-BE22-81D28449BA7F}"
EndProject
Global
	GlobalSection(SolutionConfigurationPlatforms) = preSolution
		Debug|Any CPU = Debug|Any CPU
		Release|Any CPU = Release|Any CPU
	EndGlobalSection
	GlobalSection(ProjectConfigurationPlatforms) = postSolution
		{D5FCA21D-9E0F-4FDA-9859-23074EAEA717}.Debug|Any CPU.ActiveCfg = Debug|Any CPU
		{D5FCA21D-9E0F-4FDA-9859-23074EAEA717}.Debug|Any CPU.Build.0 = Debug|Any CPU
		{D5FCA21D-9E0F-4FDA-9859-23074EAEA717}.Release|Any CPU.ActiveCfg = Release|Any CPU
		{D5FCA21D-9E0F-4FDA-9859-23074EAEA717}.Release|Any CPU.Build.0 = Release|Any CPU
		{DA1C7502-D27C-4D58-BE22-81D28449BA7F}.Debug|Any CPU.ActiveCfg = Debug|Any CPU
		{DA1C7502-D27C-4D58-BE22-81D28449BA7F}.Debug|Any CPU.Build.0 = Debug|Any CPU
		{DA1C7502-D27C-4D58-BE22-81D28449BA7F}.Release|Any CPU.ActiveCfg = Release|Any CPU
		{DA1C7502-D27C-4D58-BE22-81D28449BA7F}.Release|Any CPU.Build.0 = Release|Any CPU
	EndGlobalSection
	GlobalSection(SolutionProperties) = preSolution
		HideSolutionNode = FALSE
	EndGlobalSection
	GlobalSection(ExtensibilityGlobals) = postSolution
		SolutionGuid = {C1F3730B-5D68-457B-8275-B45A43BB5920}
	EndGlobalSection
EndGlobal
